
Microsoft Visual Studio Solution File, Format Version 12.00
# Visual Studio Version 17
VisualStudioVersion = 17.14.36202.13 d17.14
MinimumVisualStudioVersion = 10.0.40219.1
Project("{FAE04EC0-301F-11D3-BF4B-00C04F79EFBC}") = "Address_Finder", "Address_Finder\Address_Finder.csproj", "{2123A00E-DC74-4B0F-BB89-BA2F215B19F4}"
EndProject
Project("{FAE04EC0-301F-11D3-BF4B-00C04F79EFBC}") = "Address_Finder_DotNetFrameWork", "Address_Finder_DotNetFrameWork\Address_Finder_DotNetFrameWork.csproj", "{9502DACE-3FB1-457F-93FA-18831B0D92B5}"
EndProject
Project("{FAE04EC0-301F-11D3-BF4B-00C04F79EFBC}") = "example_core", "example_core\example_core.csproj", "{41067435-0438-4293-9447-F7427C57922C}"
EndProject
Global
	GlobalSection(SolutionConfigurationPlatforms) = preSolution
		Debug|Any CPU = Debug|Any CPU
		Release|Any CPU = Release|Any CPU
	EndGlobalSection
	GlobalSection(ProjectConfigurationPlatforms) = postSolution
		{2123A00E-DC74-4B0F-BB89-BA2F215B19F4}.Debug|Any CPU.ActiveCfg = Debug|Any CPU
		{2123A00E-DC74-4B0F-BB89-BA2F215B19F4}.Debug|Any CPU.Build.0 = Debug|Any CPU
		{2123A00E-DC74-4B0F-BB89-BA2F215B19F4}.Release|Any CPU.ActiveCfg = Release|Any CPU
		{2123A00E-DC74-4B0F-BB89-BA2F215B19F4}.Release|Any CPU.Build.0 = Release|Any CPU
		{9502DACE-3FB1-457F-93FA-18831B0D92B5}.Debug|Any CPU.ActiveCfg = Debug|Any CPU
		{9502DACE-3FB1-457F-93FA-18831B0D92B5}.Debug|Any CPU.Build.0 = Debug|Any CPU
		{9502DACE-3FB1-457F-93FA-18831B0D92B5}.Release|Any CPU.ActiveCfg = Release|Any CPU
		{9502DACE-3FB1-457F-93FA-18831B0D92B5}.Release|Any CPU.Build.0 = Release|Any CPU
		{41067435-0438-4293-9447-F7427C57922C}.Debug|Any CPU.ActiveCfg = Debug|Any CPU
		{41067435-0438-4293-9447-F7427C57922C}.Debug|Any CPU.Build.0 = Debug|Any CPU
		{41067435-0438-4293-9447-F7427C57922C}.Release|Any CPU.ActiveCfg = Release|Any CPU
		{41067435-0438-4293-9447-F7427C57922C}.Release|Any CPU.Build.0 = Release|Any CPU
	EndGlobalSection
	GlobalSection(SolutionProperties) = preSolution
		HideSolutionNode = FALSE
	EndGlobalSection
	GlobalSection(ExtensibilityGlobals) = postSolution
		SolutionGuid = {A35D1F8F-590E-4020-AC54-9E5CB5E9DA8F}
	EndGlobalSection
EndGlobal
